// !$*UTF8*$!
{
	archiveVersion = 1;
	classes = {
	};
	objectVersion = 56;
	objects = {

/* Begin PBXBuildFile section */
		330F0CFB28F1D3DA005C5A72 /* FeedCell.swift in Sources */ = {isa = PBXBuildFile; fileRef = 330F0CFA28F1D3DA005C5A72 /* FeedCell.swift */; };
		3366FAE828F44FC3000A1CC3 /* SDWebImage in Frameworks */ = {isa = PBXBuildFile; productRef = 3366FAE728F44FC3000A1CC3 /* SDWebImage */; };
		3366FAEA28F44FC3000A1CC3 /* SDWebImageMapKit in Frameworks */ = {isa = PBXBuildFile; productRef = 3366FAE928F44FC3000A1CC3 /* SDWebImageMapKit */; };
		3366FAEC28F45B96000A1CC3 /* Post.swift in Sources */ = {isa = PBXBuildFile; fileRef = 3366FAEB28F45B96000A1CC3 /* Post.swift */; };
		33BC2C4928E87B4F0032C30D /* AppDelegate.swift in Sources */ = {isa = PBXBuildFile; fileRef = 33BC2C4828E87B4F0032C30D /* AppDelegate.swift */; };
		33BC2C4B28E87B4F0032C30D /* SceneDelegate.swift in Sources */ = {isa = PBXBuildFile; fileRef = 33BC2C4A28E87B4F0032C30D /* SceneDelegate.swift */; };
		33BC2C4D28E87B4F0032C30D /* ViewController.swift in Sources */ = {isa = PBXBuildFile; fileRef = 33BC2C4C28E87B4F0032C30D /* ViewController.swift */; };
		33BC2C5028E87B4F0032C30D /* Main.storyboard in Resources */ = {isa = PBXBuildFile; fileRef = 33BC2C4E28E87B4F0032C30D /* Main.storyboard */; };
		33BC2C5228E87B500032C30D /* Assets.xcassets in Resources */ = {isa = PBXBuildFile; fileRef = 33BC2C5128E87B500032C30D /* Assets.xcassets */; };
		33BC2C5528E87B500032C30D /* LaunchScreen.storyboard in Resources */ = {isa = PBXBuildFile; fileRef = 33BC2C5328E87B500032C30D /* LaunchScreen.storyboard */; };
		33BC2C5D28E87F7B0032C30D /* GoogleService-Info.plist in Resources */ = {isa = PBXBuildFile; fileRef = 33BC2C5C28E87F7B0032C30D /* GoogleService-Info.plist */; };
		33BC2C6028E883750032C30D /* FirebaseAuth in Frameworks */ = {isa = PBXBuildFile; productRef = 33BC2C5F28E883750032C30D /* FirebaseAuth */; };
		33BC2C6228E883750032C30D /* FirebaseFirestore in Frameworks */ = {isa = PBXBuildFile; productRef = 33BC2C6128E883750032C30D /* FirebaseFirestore */; };
		33BC2C6428E883750032C30D /* FirebaseStorage in Frameworks */ = {isa = PBXBuildFile; productRef = 33BC2C6328E883750032C30D /* FirebaseStorage */; };
		33D13D0B28EA25DA008647F1 /* FeedViewController.swift in Sources */ = {isa = PBXBuildFile; fileRef = 33D13D0A28EA25DA008647F1 /* FeedViewController.swift */; };
		33D13D0D28EA25F1008647F1 /* UploadViewController.swift in Sources */ = {isa = PBXBuildFile; fileRef = 33D13D0C28EA25F1008647F1 /* UploadViewController.swift */; };
		33D13D0F28EA2609008647F1 /* SettingsViewController.swift in Sources */ = {isa = PBXBuildFile; fileRef = 33D13D0E28EA2609008647F1 /* SettingsViewController.swift */; };
/* End PBXBuildFile section */

/* Begin PBXFileReference section */
		330F0CFA28F1D3DA005C5A72 /* FeedCell.swift */ = {isa = PBXFileReference; lastKnownFileType = sourcecode.swift; path = FeedCell.swift; sourceTree = "<group>"; };
		3366FAEB28F45B96000A1CC3 /* Post.swift */ = {isa = PBXFileReference; lastKnownFileType = sourcecode.swift; path = Post.swift; sourceTree = "<group>"; };
		33BC2C4528E87B4F0032C30D /* PhotoSharingApp.app */ = {isa = PBXFileReference; explicitFileType = wrapper.application; includeInIndex = 0; path = PhotoSharingApp.app; sourceTree = BUILT_PRODUCTS_DIR; };
		33BC2C4828E87B4F0032C30D /* AppDelegate.swift */ = {isa = PBXFileReference; lastKnownFileType = sourcecode.swift; path = AppDelegate.swift; sourceTree = "<group>"; };
		33BC2C4A28E87B4F0032C30D /* SceneDelegate.swift */ = {isa = PBXFileReference; lastKnownFileType = sourcecode.swift; path = SceneDelegate.swift; sourceTree = "<group>"; };
		33BC2C4C28E87B4F0032C30D /* ViewController.swift */ = {isa = PBXFileReference; lastKnownFileType = sourcecode.swift; path = ViewController.swift; sourceTree = "<group>"; };
		33BC2C4F28E87B4F0032C30D /* Base */ = {isa = PBXFileReference; lastKnownFileType = file.storyboard; name = Base; path = Base.lproj/Main.storyboard; sourceTree = "<group>"; };
		33BC2C5128E87B500032C30D /* Assets.xcassets */ = {isa = PBXFileReference; lastKnownFileType = folder.assetcatalog; path = Assets.xcassets; sourceTree = "<group>"; };
		33BC2C5428E87B500032C30D /* Base */ = {isa = PBXFileReference; lastKnownFileType = file.storyboard; name = Base; path = Base.lproj/LaunchScreen.storyboard; sourceTree = "<group>"; };
		33BC2C5628E87B500032C30D /* Info.plist */ = {isa = PBXFileReference; lastKnownFileType = text.plist.xml; path = Info.plist; sourceTree = "<group>"; };
		33BC2C5C28E87F7B0032C30D /* GoogleService-Info.plist */ = {isa = PBXFileReference; fileEncoding = 4; lastKnownFileType = text.plist.xml; path = "GoogleService-Info.plist"; sourceTree = "<group>"; };
		33D13D0A28EA25DA008647F1 /* FeedViewController.swift */ = {isa = PBXFileReference; lastKnownFileType = sourcecode.swift; path = FeedViewController.swift; sourceTree = "<group>"; };
		33D13D0C28EA25F1008647F1 /* UploadViewController.swift */ = {isa = PBXFileReference; lastKnownFileType = sourcecode.swift; path = UploadViewController.swift; sourceTree = "<group>"; };
		33D13D0E28EA2609008647F1 /* SettingsViewController.swift */ = {isa = PBXFileReference; lastKnownFileType = sourcecode.swift; path = SettingsViewController.swift; sourceTree = "<group>"; };
/* End PBXFileReference section */

/* Begin PBXFrameworksBuildPhase section */
		33BC2C4228E87B4F0032C30D /* Frameworks */ = {
			isa = PBXFrameworksBuildPhase;
			buildActionMask = 2147483647;
			files = (
				33BC2C6028E883750032C30D /* FirebaseAuth in Frameworks */,
				3366FAEA28F44FC3000A1CC3 /* SDWebImageMapKit in Frameworks */,
				33BC2C6228E883750032C30D /* FirebaseFirestore in Frameworks */,
				3366FAE828F44FC3000A1CC3 /* SDWebImage in Frameworks */,
				33BC2C6428E883750032C30D /* FirebaseStorage in Frameworks */,
			);
			runOnlyForDeploymentPostprocessing = 0;
		};
/* End PBXFrameworksBuildPhase section */

/* Begin PBXGroup section */
		33BC2C3C28E87B4F0032C30D = {
			isa = PBXGroup;
			children = (
				33BC2C4728E87B4F0032C30D /* PhotoSharingApp */,
				33BC2C4628E87B4F0032C30D /* Products */,
			);
			sourceTree = "<group>";
		};
		33BC2C4628E87B4F0032C30D /* Products */ = {
			isa = PBXGroup;
			children = (
				33BC2C4528E87B4F0032C30D /* PhotoSharingApp.app */,
			);
			name = Products;
			sourceTree = "<group>";
		};
		33BC2C4728E87B4F0032C30D /* PhotoSharingApp */ = {
			isa = PBXGroup;
			children = (
				33BC2C4828E87B4F0032C30D /* AppDelegate.swift */,
				33BC2C4A28E87B4F0032C30D /* SceneDelegate.swift */,
				33BC2C4C28E87B4F0032C30D /* ViewController.swift */,
				33BC2C4E28E87B4F0032C30D /* Main.storyboard */,
				33BC2C5128E87B500032C30D /* Assets.xcassets */,
				33BC2C5328E87B500032C30D /* LaunchScreen.storyboard */,
				33BC2C5628E87B500032C30D /* Info.plist */,
				33BC2C5C28E87F7B0032C30D /* GoogleService-Info.plist */,
				33D13D0A28EA25DA008647F1 /* FeedViewController.swift */,
				33D13D0C28EA25F1008647F1 /* UploadViewController.swift */,
				33D13D0E28EA2609008647F1 /* SettingsViewController.swift */,
				330F0CFA28F1D3DA005C5A72 /* FeedCell.swift */,
				3366FAEB28F45B96000A1CC3 /* Post.swift */,
			);
			path = PhotoSharingApp;
			sourceTree = "<group>";
		};
/* End PBXGroup section */

/* Begin PBXNativeTarget section */
		33BC2C4428E87B4F0032C30D /* PhotoSharingApp */ = {
			isa = PBXNativeTarget;
			buildConfigurationList = 33BC2C5928E87B500032C30D /* Build configuration list for PBXNativeTarget "PhotoSharingApp" */;
			buildPhases = (
				33BC2C4128E87B4F0032C30D /* Sources */,
				33BC2C4228E87B4F0032C30D /* Frameworks */,
				33BC2C4328E87B4F0032C30D /* Resources */,
			);
			buildRules = (
			);
			dependencies = (
			);
			name = PhotoSharingApp;
			packageProductDependencies = (
				33BC2C5F28E883750032C30D /* FirebaseAuth */,
				33BC2C6128E883750032C30D /* FirebaseFirestore */,
				33BC2C6328E883750032C30D /* FirebaseStorage */,
				3366FAE728F44FC3000A1CC3 /* SDWebImage */,
				3366FAE928F44FC3000A1CC3 /* SDWebImageMapKit */,
			);
			productName = PhotoSharingApp;
			productReference = 33BC2C4528E87B4F0032C30D /* PhotoSharingApp.app */;
			productType = "com.apple.product-type.application";
		};
/* End PBXNativeTarget section */

/* Begin PBXProject section */
		33BC2C3D28E87B4F0032C30D /* Project object */ = {
			isa = PBXProject;
			attributes = {
				BuildIndependentTargetsInParallel = 1;
				LastSwiftUpdateCheck = 1400;
				LastUpgradeCheck = 1400;
				TargetAttributes = {
					33BC2C4428E87B4F0032C30D = {
						CreatedOnToolsVersion = 14.0;
					};
				};
			};
			buildConfigurationList = 33BC2C4028E87B4F0032C30D /* Build configuration list for PBXProject "PhotoSharingApp" */;
			compatibilityVersion = "Xcode 14.0";
			developmentRegion = en;
			hasScannedForEncodings = 0;
			knownRegions = (
				en,
				Base,
			);
			mainGroup = 33BC2C3C28E87B4F0032C30D;
			packageReferences = (
				33BC2C5E28E883750032C30D /* XCRemoteSwiftPackageReference "firebase-ios-sdk" */,
				3366FAE628F44FC3000A1CC3 /* XCRemoteSwiftPackageReference "SDWebImage" */,
			);
			productRefGroup = 33BC2C4628E87B4F0032C30D /* Products */;
			projectDirPath = "";
			projectRoot = "";
			targets = (
				33BC2C4428E87B4F0032C30D /* PhotoSharingApp */,
			);
		};
/* End PBXProject section */

/* Begin PBXResourcesBuildPhase section */
		33BC2C4328E87B4F0032C30D /* Resources */ = {
			isa = PBXResourcesBuildPhase;
			buildActionMask = 2147483647;
			files = (
				33BC2C5528E87B500032C30D /* LaunchScreen.storyboard in Resources */,
				33BC2C5D28E87F7B0032C30D /* GoogleService-Info.plist in Resources */,
				33BC2C5228E87B500032C30D /* Assets.xcassets in Resources */,
				33BC2C5028E87B4F0032C30D /* Main.storyboard in Resources */,
			);
			runOnlyForDeploymentPostprocessing = 0;
		};
/* End PBXResourcesBuildPhase section */

/* Begin PBXSourcesBuildPhase section */
		33BC2C4128E87B4F0032C30D /* Sources */ = {
			isa = PBXSourcesBuildPhase;
			buildActionMask = 2147483647;
			files = (
				330F0CFB28F1D3DA005C5A72 /* FeedCell.swift in Sources */,
				33BC2C4D28E87B4F0032C30D /* ViewController.swift in Sources */,
				33D13D0D28EA25F1008647F1 /* UploadViewController.swift in Sources */,
				3366FAEC28F45B96000A1CC3 /* Post.swift in Sources */,
				33BC2C4928E87B4F0032C30D /* AppDelegate.swift in Sources */,
				33D13D0B28EA25DA008647F1 /* FeedViewController.swift in Sources */,
				33BC2C4B28E87B4F0032C30D /* SceneDelegate.swift in Sources */,
				33D13D0F28EA2609008647F1 /* SettingsViewController.swift in Sources */,
			);
			runOnlyForDeploymentPostprocessing = 0;
		};
/* End PBXSourcesBuildPhase section */

/* Begin PBXVariantGroup section */
		33BC2C4E28E87B4F0032C30D /* Main.storyboard */ = {
			isa = PBXVariantGroup;
			children = (
				33BC2C4F28E87B4F0032C30D /* Base */,
			);
			name = Main.storyboard;
			sourceTree = "<group>";
		};
		33BC2C5328E87B500032C30D /* LaunchScreen.storyboard */ = {
			isa = PBXVariantGroup;
			children = (
				33BC2C5428E87B500032C30D /* Base */,
			);
			name = LaunchScreen.storyboard;
			sourceTree = "<group>";
		};
/* End PBXVariantGroup section */

/* Begin XCBuildConfiguration section */
		33BC2C5728E87B500032C30D /* Debug */ = {
			isa = XCBuildConfiguration;
			buildSettings = {
				ALWAYS_SEARCH_USER_PATHS = NO;
				CLANG_ANALYZER_NONNULL = YES;
				CLANG_ANALYZER_NUMBER_OBJECT_CONVERSION = YES_AGGRESSIVE;
				CLANG_CXX_LANGUAGE_STANDARD = "gnu++20";
				CLANG_ENABLE_MODULES = YES;
				CLANG_ENABLE_OBJC_ARC = YES;
				CLANG_ENABLE_OBJC_WEAK = YES;
				CLANG_WARN_BLOCK_CAPTURE_AUTORELEASING = YES;
				CLANG_WARN_BOOL_CONVERSION = YES;
				CLANG_WARN_COMMA = YES;
				CLANG_WARN_CONSTANT_CONVERSION = YES;
				CLANG_WARN_DEPRECATED_OBJC_IMPLEMENTATIONS = YES;
				CLANG_WARN_DIRECT_OBJC_ISA_USAGE = YES_ERROR;
				CLANG_WARN_DOCUMENTATION_COMMENTS = YES;
				CLANG_WARN_EMPTY_BODY = YES;
				CLANG_WARN_ENUM_CONVERSION = YES;
				CLANG_WARN_INFINITE_RECURSION = YES;
				CLANG_WARN_INT_CONVERSION = YES;
				CLANG_WARN_NON_LITERAL_NULL_CONVERSION = YES;
				CLANG_WARN_OBJC_IMPLICIT_RETAIN_SELF = YES;
				CLANG_WARN_OBJC_LITERAL_CONVERSION = YES;
				CLANG_WARN_OBJC_ROOT_CLASS = YES_ERROR;
				CLANG_WARN_QUOTED_INCLUDE_IN_FRAMEWORK_HEADER = YES;
				CLANG_WARN_RANGE_LOOP_ANALYSIS = YES;
				CLANG_WARN_STRICT_PROTOTYPES = YES;
				CLANG_WARN_SUSPICIOUS_MOVE = YES;
				CLANG_WARN_UNGUARDED_AVAILABILITY = YES_AGGRESSIVE;
				CLANG_WARN_UNREACHABLE_CODE = YES;
				CLANG_WARN__DUPLICATE_METHOD_MATCH = YES;
				COPY_PHASE_STRIP = NO;
				DEBUG_INFORMATION_FORMAT = dwarf;
				ENABLE_STRICT_OBJC_MSGSEND = YES;
				ENABLE_TESTABILITY = YES;
				GCC_C_LANGUAGE_STANDARD = gnu11;
				GCC_DYNAMIC_NO_PIC = NO;
				GCC_NO_COMMON_BLOCKS = YES;
				GCC_OPTIMIZATION_LEVEL = 0;
				GCC_PREPROCESSOR_DEFINITIONS = (
					"DEBUG=1",
					"$(inherited)",
				);
				GCC_WARN_64_TO_32_BIT_CONVERSION = YES;
				GCC_WARN_ABOUT_RETURN_TYPE = YES_ERROR;
				GCC_WARN_UNDECLARED_SELECTOR = YES;
				GCC_WARN_UNINITIALIZED_AUTOS = YES_AGGRESSIVE;
				GCC_WARN_UNUSED_FUNCTION = YES;
				GCC_WARN_UNUSED_VARIABLE = YES;
				IPHONEOS_DEPLOYMENT_TARGET = 16.0;
				MTL_ENABLE_DEBUG_INFO = INCLUDE_SOURCE;
				MTL_FAST_MATH = YES;
				ONLY_ACTIVE_ARCH = YES;
				SDKROOT = iphoneos;
				SWIFT_ACTIVE_COMPILATION_CONDITIONS = DEBUG;
				SWIFT_OPTIMIZATION_LEVEL = "-Onone";
			};
			name = Debug;
		};
		33BC2C5828E87B500032C30D /* Release */ = {
			isa = XCBuildConfiguration;
			buildSettings = {
				ALWAYS_SEARCH_USER_PATHS = NO;
				CLANG_ANALYZER_NONNULL = YES;
				CLANG_ANALYZER_NUMBER_OBJECT_CONVERSION = YES_AGGRESSIVE;
				CLANG_CXX_LANGUAGE_STANDARD = "gnu++20";
				CLANG_ENABLE_MODULES = YES;
				CLANG_ENABLE_OBJC_ARC = YES;
				CLANG_ENABLE_OBJC_WEAK = YES;
				CLANG_WARN_BLOCK_CAPTURE_AUTORELEASING = YES;
				CLANG_WARN_BOOL_CONVERSION = YES;
				CLANG_WARN_COMMA = YES;
				CLANG_WARN_CONSTANT_CONVERSION = YES;
				CLANG_WARN_DEPRECATED_OBJC_IMPLEMENTATIONS = YES;
				CLANG_WARN_DIRECT_OBJC_ISA_USAGE = YES_ERROR;
				CLANG_WARN_DOCUMENTATION_COMMENTS = YES;
				CLANG_WARN_EMPTY_BODY = YES;
				CLANG_WARN_ENUM_CONVERSION = YES;
				CLANG_WARN_INFINITE_RECURSION = YES;
				CLANG_WARN_INT_CONVERSION = YES;
				CLANG_WARN_NON_LITERAL_NULL_CONVERSION = YES;
				CLANG_WARN_OBJC_IMPLICIT_RETAIN_SELF = YES;
				CLANG_WARN_OBJC_LITERAL_CONVERSION = YES;
				CLANG_WARN_OBJC_ROOT_CLASS = YES_ERROR;
				CLANG_WARN_QUOTED_INCLUDE_IN_FRAMEWORK_HEADER = YES;
				CLANG_WARN_RANGE_LOOP_ANALYSIS = YES;
				CLANG_WARN_STRICT_PROTOTYPES = YES;
				CLANG_WARN_SUSPICIOUS_MOVE = YES;
				CLANG_WARN_UNGUARDED_AVAILABILITY = YES_AGGRESSIVE;
				CLANG_WARN_UNREACHABLE_CODE = YES;
				CLANG_WARN__DUPLICATE_METHOD_MATCH = YES;
				COPY_PHASE_STRIP = NO;
				DEBUG_INFORMATION_FORMAT = "dwarf-with-dsym";
				ENABLE_NS_ASSERTIONS = NO;
				ENABLE_STRICT_OBJC_MSGSEND = YES;
				GCC_C_LANGUAGE_STANDARD = gnu11;
				GCC_NO_COMMON_BLOCKS = YES;
				GCC_WARN_64_TO_32_BIT_CONVERSION = YES;
				GCC_WARN_ABOUT_RETURN_TYPE = YES_ERROR;
				GCC_WARN_UNDECLARED_SELECTOR = YES;
				GCC_WARN_UNINITIALIZED_AUTOS = YES_AGGRESSIVE;
				GCC_WARN_UNUSED_FUNCTION = YES;
				GCC_WARN_UNUSED_VARIABLE = YES;
				IPHONEOS_DEPLOYMENT_TARGET = 16.0;
				MTL_ENABLE_DEBUG_INFO = NO;
				MTL_FAST_MATH = YES;
				SDKROOT = iphoneos;
				SWIFT_COMPILATION_MODE = wholemodule;
				SWIFT_OPTIMIZATION_LEVEL = "-O";
				VALIDATE_PRODUCT = YES;
			};
			name = Release;
		};
		33BC2C5A28E87B500032C30D /* Debug */ = {
			isa = XCBuildConfiguration;
			buildSettings = {
				ASSETCATALOG_COMPILER_APPICON_NAME = AppIcon;
				ASSETCATALOG_COMPILER_GLOBAL_ACCENT_COLOR_NAME = AccentColor;
				CODE_SIGN_STYLE = Automatic;
				CURRENT_PROJECT_VERSION = 1;
				GENERATE_INFOPLIST_FILE = YES;
				INFOPLIST_FILE = PhotoSharingApp/Info.plist;
				INFOPLIST_KEY_UIApplicationSupportsIndirectInputEvents = YES;
				INFOPLIST_KEY_UILaunchStoryboardName = LaunchScreen;
				INFOPLIST_KEY_UIMainStoryboardFile = Main;
				INFOPLIST_KEY_UISupportedInterfaceOrientations_iPad = "UIInterfaceOrientationPortrait UIInterfaceOrientationPortraitUpsideDown UIInterfaceOrientationLandscapeLeft UIInterfaceOrientationLandscapeRight";
				INFOPLIST_KEY_UISupportedInterfaceOrientations_iPhone = "UIInterfaceOrientationPortrait UIInterfaceOrientationLandscapeLeft UIInterfaceOrientationLandscapeRight";
				LD_RUNPATH_SEARCH_PATHS = (
					"$(inherited)",
					"@executable_path/Frameworks",
				);
				MARKETING_VERSION = 1.0;
				PRODUCT_BUNDLE_IDENTIFIER = com.pandapp.PhotoSharingApp;
				PRODUCT_NAME = "$(TARGET_NAME)";
				SWIFT_EMIT_LOC_STRINGS = YES;
				SWIFT_VERSION = 5.0;
				TARGETED_DEVICE_FAMILY = "1,2";
			};
			name = Debug;
		};
		33BC2C5B28E87B500032C30D /* Release */ = {
			isa = XCBuildConfiguration;
			buildSettings = {
				ASSETCATALOG_COMPILER_APPICON_NAME = AppIcon;
				ASSETCATALOG_COMPILER_GLOBAL_ACCENT_COLOR_NAME = AccentColor;
				CODE_SIGN_STYLE = Automatic;
				CURRENT_PROJECT_VERSION = 1;
				GENERATE_INFOPLIST_FILE = YES;
				INFOPLIST_FILE = PhotoSharingApp/Info.plist;
				INFOPLIST_KEY_UIApplicationSupportsIndirectInputEvents = YES;
				INFOPLIST_KEY_UILaunchStoryboardName = LaunchScreen;
				INFOPLIST_KEY_UIMainStoryboardFile = Main;
				INFOPLIST_KEY_UISupportedInterfaceOrientations_iPad = "UIInterfaceOrientationPortrait UIInterfaceOrientationPortraitUpsideDown UIInterfaceOrientationLandscapeLeft UIInterfaceOrientationLandscapeRight";
				INFOPLIST_KEY_UISupportedInterfaceOrientations_iPhone = "UIInterfaceOrientationPortrait UIInterfaceOrientationLandscapeLeft UIInterfaceOrientationLandscapeRight";
				LD_RUNPATH_SEARCH_PATHS = (
					"$(inherited)",
					"@executable_path/Frameworks",
				);
				MARKETING_VERSION = 1.0;
				PRODUCT_BUNDLE_IDENTIFIER = com.pandapp.PhotoSharingApp;
				PRODUCT_NAME = "$(TARGET_NAME)";
				SWIFT_EMIT_LOC_STRINGS = YES;
				SWIFT_VERSION = 5.0;
				TARGETED_DEVICE_FAMILY = "1,2";
			};
			name = Release;
		};
/* End XCBuildConfiguration section */

/* Begin XCConfigurationList section */
		33BC2C4028E87B4F0032C30D /* Build configuration list for PBXProject "PhotoSharingApp" */ = {
			isa = XCConfigurationList;
			buildConfigurations = (
				33BC2C5728E87B500032C30D /* Debug */,
				33BC2C5828E87B500032C30D /* Release */,
			);
			defaultConfigurationIsVisible = 0;
			defaultConfigurationName = Release;
		};
		33BC2C5928E87B500032C30D /* Build configuration list for PBXNativeTarget "PhotoSharingApp" */ = {
			isa = XCConfigurationList;
			buildConfigurations = (
				33BC2C5A28E87B500032C30D /* Debug */,
				33BC2C5B28E87B500032C30D /* Release */,
			);
			defaultConfigurationIsVisible = 0;
			defaultConfigurationName = Release;
		};
/* End XCConfigurationList section */

/* Begin XCRemoteSwiftPackageReference section */
		3366FAE628F44FC3000A1CC3 /* XCRemoteSwiftPackageReference "SDWebImage" */ = {
			isa = XCRemoteSwiftPackageReference;
			repositoryURL = "https://github.com/SDWebImage/SDWebImage";
			requirement = {
				kind = upToNextMajorVersion;
				minimumVersion = 5.0.0;
			};
		};
		33BC2C5E28E883750032C30D /* XCRemoteSwiftPackageReference "firebase-ios-sdk" */ = {
			isa = XCRemoteSwiftPackageReference;
			repositoryURL = "https://github.com/firebase/firebase-ios-sdk";
			requirement = {
				kind = upToNextMajorVersion;
				minimumVersion = 9.0.0;
			};
		};
/* End XCRemoteSwiftPackageReference section */

/* Begin XCSwiftPackageProductDependency section */
		3366FAE728F44FC3000A1CC3 /* SDWebImage */ = {
			isa = XCSwiftPackageProductDependency;
			package = 3366FAE628F44FC3000A1CC3 /* XCRemoteSwiftPackageReference "SDWebImage" */;
			productName = SDWebImage;
		};
		3366FAE928F44FC3000A1CC3 /* SDWebImageMapKit */ = {
			isa = XCSwiftPackageProductDependency;
			package = 3366FAE628F44FC3000A1CC3 /* XCRemoteSwiftPackageReference "SDWebImage" */;
			productName = SDWebImageMapKit;
		};
		33BC2C5F28E883750032C30D /* FirebaseAuth */ = {
			isa = XCSwiftPackageProductDependency;
			package = 33BC2C5E28E883750032C30D /* XCRemoteSwiftPackageReference "firebase-ios-sdk" */;
			productName = FirebaseAuth;
		};
		33BC2C6128E883750032C30D /* FirebaseFirestore */ = {
			isa = XCSwiftPackageProductDependency;
			package = 33BC2C5E28E883750032C30D /* XCRemoteSwiftPackageReference "firebase-ios-sdk" */;
			productName = FirebaseFirestore;
		};
		33BC2C6328E883750032C30D /* FirebaseStorage */ = {
			isa = XCSwiftPackageProductDependency;
			package = 33BC2C5E28E883750032C30D /* XCRemoteSwiftPackageReference "firebase-ios-sdk" */;
			productName = FirebaseStorage;
		};
/* End XCSwiftPackageProductDependency section */
	};
	rootObject = 33BC2C3D28E87B4F0032C30D /* Project object */;
}
